# This file is generated by running "yarn install" inside your project.
# Manual changes might be lost - proceed with caution!

__metadata:
  version: 8
  cacheKey: 10c0

"boolbase@npm:~1.0.0":
  version: 1.0.0
  resolution: "boolbase@npm:1.0.0"
  checksum: 10c0/e4b53deb4f2b85c52be0e21a273f2045c7b6a6ea002b0e139c744cb6f95e9ec044439a52883b0d74dedd1ff3da55ed140cfdddfed7fb0cccbed373de5dce1bcf
  languageName: node
  linkType: hard

"cheerio@npm:^0.19.0":
  version: 0.19.0
  resolution: "cheerio@npm:0.19.0"
  dependencies:
    css-select: "npm:~1.0.0"
    dom-serializer: "npm:~0.1.0"
    entities: "npm:~1.1.1"
    htmlparser2: "npm:~3.8.1"
    lodash: "npm:^3.2.0"
  checksum: 10c0/af96cc6a6b595334ed7c1a47b1a999dfad20645a563acdc8bf5338b3774cf050c99b6f4c9040ef0f4c03b7c915e3d3735bedcbb95968d9aecf9cf2e44dcf4896
  languageName: node
  linkType: hard

"core-util-is@npm:~1.0.0":
  version: 1.0.2
  resolution: "core-util-is@npm:1.0.2"
  checksum: 10c0/980a37a93956d0de8a828ce508f9b9e3317039d68922ca79995421944146700e4aaf490a6dbfebcb1c5292a7184600c7710b957d724be1e37b8254c6bc0fe246
  languageName: node
  linkType: hard

"css-select@npm:~1.0.0":
  version: 1.0.0
  resolution: "css-select@npm:1.0.0"
  dependencies:
    boolbase: "npm:~1.0.0"
    css-what: "npm:1.0"
    domutils: "npm:1.4"
    nth-check: "npm:~1.0.0"
  checksum: 10c0/2311812bb619d39263f620a7f5f3900c08cc25a5a0817b76e6f677dbe5b062a434cdac7f5de0bfc025cd249de53c509ddc87c77c62c99466b2a891f7df935338
  languageName: node
  linkType: hard

"css-what@npm:1.0":
  version: 1.0.0
  resolution: "css-what@npm:1.0.0"
  checksum: 10c0/dbcba5c7251e11643fd531d6cfd625007ac147485c1004d8a9e6c2d768ab43ab1f2f57da5f73df235990cd30d2d80fdb64d54f4c943baec460a2b2beaf646808
  languageName: node
  linkType: hard

"dom-serializer@npm:0":
  version: 0.2.2
  resolution: "dom-serializer@npm:0.2.2"
  dependencies:
    domelementtype: "npm:^2.0.1"
    entities: "npm:^2.0.0"
  checksum: 10c0/5cb595fb77e1a23eca56742f47631e6f4af66ce1982c7ed28b3d0ef21f1f50304c067adc29d3eaf824c572be022cee88627d0ac9b929408f24e923f3c7bed37b
  languageName: node
  linkType: hard

"dom-serializer@npm:~0.1.0":
  version: 0.1.1
  resolution: "dom-serializer@npm:0.1.1"
  dependencies:
    domelementtype: "npm:^1.3.0"
    entities: "npm:^1.1.1"
  checksum: 10c0/bb710d0a49dbe7b1019e8bf314102495e8894b9da188d00187c0ac52939ded630bc5f9eacc97bfa462d535cd321c734c0b02fefd5e4d93162ab886dccc6666f3
  languageName: node
  linkType: hard

"domelementtype@npm:1, domelementtype@npm:^1.3.0":
  version: 1.3.1
  resolution: "domelementtype@npm:1.3.1"
  checksum: 10c0/6d4f5761060a21eaf3c96545501e9d188745c7e1c31b8d141bf15d8748feeadba868f4ea32877751b8678b286fb1afbe6ae905ca3fb8f0214d8322e482cdbec0
  languageName: node
  linkType: hard

"domelementtype@npm:^2.0.1":
  version: 2.0.1
  resolution: "domelementtype@npm:2.0.1"
  checksum: 10c0/070b6cf9ae070edc3b46128b20b50fd636661cc44c70032f678230c50bc09d777035e2e30bd2f102064ba77ff33f2f576ff34dfc9c4f4dc9945af5dfb7c95ab1
  languageName: node
  linkType: hard

"domhandler@npm:2.3":
  version: 2.3.0
  resolution: "domhandler@npm:2.3.0"
  dependencies:
    domelementtype: "npm:1"
  checksum: 10c0/f434a1c08392821751b85081fd8ff11b17d7fd6e5da59335af87ee038b816be24d35a12f45d85034e3e137158beb031d5a3df21fcd05a7dd4490e2f01a6d0e82
  languageName: node
  linkType: hard

"domutils@npm:1.4":
  version: 1.4.3
  resolution: "domutils@npm:1.4.3"
  dependencies:
    domelementtype: "npm:1"
  checksum: 10c0/ce345ccc3a964aa6f5415a4fd9b3a11db743e8ac5c4383d7ad3dd53fe7a8f23ee03dca580209d8005f49261ddab976082bcd5652e913bcb6044b8c959fb5401b
  languageName: node
  linkType: hard

"domutils@npm:1.5":
  version: 1.5.1
  resolution: "domutils@npm:1.5.1"
  dependencies:
    dom-serializer: "npm:0"
    domelementtype: "npm:1"
  checksum: 10c0/8707a18c974be54d33fd846d174d523ddf4955b2fcc1ec713cbe6ff490f60da22106b153fea6269332477eb81dc1a25a83f5b2afaf78b6dc9e2161fd7b80f7ba
  languageName: node
  linkType: hard

"entities@npm:1.0":
  version: 1.0.0
  resolution: "entities@npm:1.0.0"
  checksum: 10c0/fd382add860bab507c942a054ef98445028bf988d16f53cbae24c70533c280d4ea116a5bc6308f6ca66901818faf4f495316f9873c6337af7cffaaf3859da407
  languageName: node
  linkType: hard

"entities@npm:^1.1.1, entities@npm:^1.1.2, entities@npm:~1.1.1":
  version: 1.1.2
  resolution: "entities@npm:1.1.2"
  checksum: 10c0/5b12fa8c4fb942f88af6f8791bbe7be0a59ebd91c8933cee091d94455efd1eeb200418c7b1bc8dd0f74cdd4db8cf4538eb043db14cfd1919130c25d8c6095215
  languageName: node
  linkType: hard

"entities@npm:^2.0.0":
  version: 2.0.3
  resolution: "entities@npm:2.0.3"
  checksum: 10c0/81463fde5f1e4432df6faa65afa00021f3979ac8387f81d3d111beeb08179e626130a4b7488e8c3cc3d74e0d04e99d3033ff7db80e05f4a1e961b5e1efe17731
  languageName: node
  linkType: hard

"hexo-asset-image@workspace:.":
  version: 0.0.0-use.local
  resolution: "hexo-asset-image@workspace:."
  dependencies:
    cheerio: "npm:^0.19.0"
    entities: "npm:^1.1.2"
  languageName: unknown
  linkType: soft

"htmlparser2@npm:~3.8.1":
  version: 3.8.3
  resolution: "htmlparser2@npm:3.8.3"
  dependencies:
    domelementtype: "npm:1"
    domhandler: "npm:2.3"
    domutils: "npm:1.5"
    entities: "npm:1.0"
    readable-stream: "npm:1.1"
  checksum: 10c0/253a673976c1e2c2b8429e45830a5a89c3f23bb6dd34f5958aefbb104a8caf1268515b535277714deb034d894aa0bd315e901cbf2ec906e8ed0d1e49b2d73b3e
  languageName: node
  linkType: hard

"inherits@npm:~2.0.1":
  version: 2.0.4
  resolution: "inherits@npm:2.0.4"
  checksum: 10c0/4e531f648b29039fb7426fb94075e6545faa1eb9fe83c29f0b6d9e7263aceb4289d2d4557db0d428188eeb449cc7c5e77b0a0b2c4e248ff2a65933a0dee49ef2
  languageName: node
  linkType: hard

"isarray@npm:0.0.1":
  version: 0.0.1
  resolution: "isarray@npm:0.0.1"
  checksum: 10c0/ed1e62da617f71fe348907c71743b5ed550448b455f8d269f89a7c7ddb8ae6e962de3dab6a74a237b06f5eb7f6ece7a45ada8ce96d87fe972926530f91ae3311
  languageName: node
  linkType: hard

"lodash@npm:^3.2.0":
  version: 3.10.1
  resolution: "lodash@npm:3.10.1"
  checksum: 10c0/f5f6d3d87503c3f1db27d49b30a00bb38dc1bd9de716c5febe8970259cc7b447149a0e320452ccaf5996a7a4abd63d94df341bb91bd8d336584ad518d8eab144
  languageName: node
  linkType: hard

"nth-check@npm:~1.0.0":
  version: 1.0.2
  resolution: "nth-check@npm:1.0.2"
  dependencies:
    boolbase: "npm:~1.0.0"
  checksum: 10c0/1a67ce53a99e276eea672f892d712b29f3e6802bbbef7285ffab72ecea4f972e8244defac1ebded0daffabf459def31355bb9c64e5657ac2ab032c13f185d0fd
  languageName: node
  linkType: hard

"readable-stream@npm:1.1":
  version: 1.1.13
  resolution: "readable-stream@npm:1.1.13"
  dependencies:
    core-util-is: "npm:~1.0.0"
    inherits: "npm:~2.0.1"
    isarray: "npm:0.0.1"
    string_decoder: "npm:~0.10.x"
  checksum: 10c0/fb8edd73a37e58fdb35d006370c6cde2912c993483479fe9be232ee0aa8f0b12058f0662602760c7a678887415198888c2f8d864b7ba6ab57683e1b3774d9e66
  languageName: node
  linkType: hard

"string_decoder@npm:~0.10.x":
  version: 0.10.31
  resolution: "string_decoder@npm:0.10.31"
  checksum: 10c0/1c628d78f974aa7539c496029f48e7019acc32487fc695464f9d6bdfec98edd7d933a06b3216bc2016918f6e75074c611d84430a53cb0e43071597d6c1ac5e25
  languageName: node
  linkType: hard
